
Microsoft Visual Studio Solution File, Format Version 12.00
# Visual Studio Version 16
VisualStudioVersion = 16.0.30011.22
MinimumVisualStudioVersion = 10.0.40219.1
Project("{FAE04EC0-301F-11D3-BF4B-00C04F79EFBC}") = "ShoppingCartDemo", "ShoppingCartDemo.csproj", "{76170C0A-CEEB-4795-BCBE-B48F55694DE7}"
EndProject
Project("{FAE04EC0-301F-11D3-BF4B-00C04F79EFBC}") = "ShoppingCart.Services", "..\ShoppingCart.Services\ShoppingCart.Services.csproj", "{BA5C49A2-2F5E-424F-95F6-FD15B00F16C1}"
EndProject
Project("{FAE04EC0-301F-11D3-BF4B-00C04F79EFBC}") = "ShoppingCart.Tests", "..\ShoppingCart.Tests\ShoppingCart.Tests.csproj", "{CC4A6D92-DD18-4A1E-B889-99165F17D882}"
EndProject
Global
	GlobalSection(SolutionConfigurationPlatforms) = preSolution
		Debug|Any CPU = Debug|Any CPU
		Release|Any CPU = Release|Any CPU
	EndGlobalSection
	GlobalSection(ProjectConfigurationPlatforms) = postSolution
		{76170C0A-CEEB-4795-BCBE-B48F55694DE7}.Debug|Any CPU.ActiveCfg = Debug|Any CPU
		{76170C0A-CEEB-4795-BCBE-B48F55694DE7}.Debug|Any CPU.Build.0 = Debug|Any CPU
		{76170C0A-CEEB-4795-BCBE-B48F55694DE7}.Release|Any CPU.ActiveCfg = Release|Any CPU
		{76170C0A-CEEB-4795-BCBE-B48F55694DE7}.Release|Any CPU.Build.0 = Release|Any CPU
		{BA5C49A2-2F5E-424F-95F6-FD15B00F16C1}.Debug|Any CPU.ActiveCfg = Debug|Any CPU
		{BA5C49A2-2F5E-424F-95F6-FD15B00F16C1}.Debug|Any CPU.Build.0 = Debug|Any CPU
		{BA5C49A2-2F5E-424F-95F6-FD15B00F16C1}.Release|Any CPU.ActiveCfg = Release|Any CPU
		{BA5C49A2-2F5E-424F-95F6-FD15B00F16C1}.Release|Any CPU.Build.0 = Release|Any CPU
		{CC4A6D92-DD18-4A1E-B889-99165F17D882}.Debug|Any CPU.ActiveCfg = Debug|Any CPU
		{CC4A6D92-DD18-4A1E-B889-99165F17D882}.Debug|Any CPU.Build.0 = Debug|Any CPU
		{CC4A6D92-DD18-4A1E-B889-99165F17D882}.Release|Any CPU.ActiveCfg = Release|Any CPU
		{CC4A6D92-DD18-4A1E-B889-99165F17D882}.Release|Any CPU.Build.0 = Release|Any CPU
	EndGlobalSection
	GlobalSection(SolutionProperties) = preSolution
		HideSolutionNode = FALSE
	EndGlobalSection
	GlobalSection(ExtensibilityGlobals) = postSolution
		SolutionGuid = {B79C1E6B-BF4E-41FF-A075-08BA77AE888D}
	EndGlobalSection
EndGlobal
